
Microsoft Visual Studio Solution File, Format Version 12.00
# Visual Studio 2012
Project("{888888A0-9F3D-457C-B088-3A5042F75D52}") = "src", "src.pyproj", "{FFC3A6A8-683C-41F1-90BE-F28972E014FF}"
EndProject
Global
	GlobalSection(SolutionConfigurationPlatforms) = preSolution
		Debug|Any CPU = Debug|Any CPU
		Release|Any CPU = Release|Any CPU
	EndGlobalSection
	GlobalSection(ProjectConfigurationPlatforms) = postSolution
		{FFC3A6A8-683C-41F1-90BE-F28972E014FF}.Debug|Any CPU.ActiveCfg = Debug|Any CPU
		{FFC3A6A8-683C-41F1-90BE-F28972E014FF}.Debug|Any CPU.Build.0 = Debug|Any CPU
		{FFC3A6A8-683C-41F1-90BE-F28972E014FF}.Release|Any CPU.ActiveCfg = Release|Any CPU
		{FFC3A6A8-683C-41F1-90BE-F28972E014FF}.Release|Any CPU.Build.0 = Release|Any CPU
	EndGlobalSection
	GlobalSection(SolutionProperties) = preSolution
		HideSolutionNode = FALSE
	EndGlobalSection
EndGlobal
